
Microsoft Visual Studio Solution File, Format Version 12.00
# Visual Studio Version 17
VisualStudioVersion = 17.0.32112.339
MinimumVisualStudioVersion = 10.0.40219.1
Project("{FAE04EC0-301F-11D3-BF4B-00C04F79EFBC}") = "Ex1.ConsoleApp", "Ex1.ConsoleApp\Ex1.ConsoleApp.csproj", "{CA4D3B91-6FA0-4DC7-BDA3-0D0E0E625713}"
EndProject
Project("{FAE04EC0-301F-11D3-BF4B-00C04F79EFBC}") = "Ex2.ConsoleApp", "Ex2.ConsoleApp\Ex2.ConsoleApp.csproj", "{9B75F216-3FBF-4BAC-99FF-F25E7DB6CE2F}"
EndProject
Project("{FAE04EC0-301F-11D3-BF4B-00C04F79EFBC}") = "Ex3.ConsoleApp", "Ex3.ConsoleApp\Ex3.ConsoleApp.csproj", "{97FCBC81-2212-4D53-8584-0DB816928537}"
EndProject
Project("{FAE04EC0-301F-11D3-BF4B-00C04F79EFBC}") = "Ex4.ConsoleApp", "Ex4.ConsoleApp\Ex4.ConsoleApp.csproj", "{B5988AF3-BA0D-4C08-97E0-94CA32C6416E}"
EndProject
Project("{FAE04EC0-301F-11D3-BF4B-00C04F79EFBC}") = "Ex5.ConsoleApp", "Ex5.ConsoleApp\Ex5.ConsoleApp.csproj", "{85343AF3-F542-4B4B-957D-341CAB5984CD}"
EndProject
Project("{FAE04EC0-301F-11D3-BF4B-00C04F79EFBC}") = "Ex6.ConsoleApp", "Ex6.ConsoleApp\Ex6.ConsoleApp.csproj", "{4B23DC5D-8B7C-4340-A7AF-EE3414F65F61}"
EndProject
Project("{FAE04EC0-301F-11D3-BF4B-00C04F79EFBC}") = "Ex7.ConsoleApp", "Ex7.ConsoleApp\Ex7.ConsoleApp.csproj", "{0DD86696-F391-4200-8342-BEF9E8FB2BB2}"
EndProject
Project("{FAE04EC0-301F-11D3-BF4B-00C04F79EFBC}") = "Ex8.ConsoleApp", "Ex8.ConsoleApp\Ex8.ConsoleApp.csproj", "{B33EB985-CA96-40CE-A6CD-20AA8700277F}"
EndProject
Project("{FAE04EC0-301F-11D3-BF4B-00C04F79EFBC}") = "Ex9.ConsoleApp", "Ex9.ConsoleApp\Ex9.ConsoleApp.csproj", "{5F526215-6D87-441B-B484-69F5AD54CAB6}"
EndProject
Project("{FAE04EC0-301F-11D3-BF4B-00C04F79EFBC}") = "Exe10.ConsoleApp", "Exe10.ConsoleApp\Exe10.ConsoleApp.csproj", "{C1941398-91CB-4556-855F-E21442C31AC7}"
EndProject
Global
	GlobalSection(SolutionConfigurationPlatforms) = preSolution
		Debug|Any CPU = Debug|Any CPU
		Release|Any CPU = Release|Any CPU
	EndGlobalSection
	GlobalSection(ProjectConfigurationPlatforms) = postSolution
		{CA4D3B91-6FA0-4DC7-BDA3-0D0E0E625713}.Debug|Any CPU.ActiveCfg = Debug|Any CPU
		{CA4D3B91-6FA0-4DC7-BDA3-0D0E0E625713}.Debug|Any CPU.Build.0 = Debug|Any CPU
		{CA4D3B91-6FA0-4DC7-BDA3-0D0E0E625713}.Release|Any CPU.ActiveCfg = Release|Any CPU
		{CA4D3B91-6FA0-4DC7-BDA3-0D0E0E625713}.Release|Any CPU.Build.0 = Release|Any CPU
		{9B75F216-3FBF-4BAC-99FF-F25E7DB6CE2F}.Debug|Any CPU.ActiveCfg = Debug|Any CPU
		{9B75F216-3FBF-4BAC-99FF-F25E7DB6CE2F}.Debug|Any CPU.Build.0 = Debug|Any CPU
		{9B75F216-3FBF-4BAC-99FF-F25E7DB6CE2F}.Release|Any CPU.ActiveCfg = Release|Any CPU
		{9B75F216-3FBF-4BAC-99FF-F25E7DB6CE2F}.Release|Any CPU.Build.0 = Release|Any CPU
		{97FCBC81-2212-4D53-8584-0DB816928537}.Debug|Any CPU.ActiveCfg = Debug|Any CPU
		{97FCBC81-2212-4D53-8584-0DB816928537}.Debug|Any CPU.Build.0 = Debug|Any CPU
		{97FCBC81-2212-4D53-8584-0DB816928537}.Release|Any CPU.ActiveCfg = Release|Any CPU
		{97FCBC81-2212-4D53-8584-0DB816928537}.Release|Any CPU.Build.0 = Release|Any CPU
		{B5988AF3-BA0D-4C08-97E0-94CA32C6416E}.Debug|Any CPU.ActiveCfg = Debug|Any CPU
		{B5988AF3-BA0D-4C08-97E0-94CA32C6416E}.Debug|Any CPU.Build.0 = Debug|Any CPU
		{B5988AF3-BA0D-4C08-97E0-94CA32C6416E}.Release|Any CPU.ActiveCfg = Release|Any CPU
		{B5988AF3-BA0D-4C08-97E0-94CA32C6416E}.Release|Any CPU.Build.0 = Release|Any CPU
		{85343AF3-F542-4B4B-957D-341CAB5984CD}.Debug|Any CPU.ActiveCfg = Debug|Any CPU
		{85343AF3-F542-4B4B-957D-341CAB5984CD}.Debug|Any CPU.Build.0 = Debug|Any CPU
		{85343AF3-F542-4B4B-957D-341CAB5984CD}.Release|Any CPU.ActiveCfg = Release|Any CPU
		{85343AF3-F542-4B4B-957D-341CAB5984CD}.Release|Any CPU.Build.0 = Release|Any CPU
		{4B23DC5D-8B7C-4340-A7AF-EE3414F65F61}.Debug|Any CPU.ActiveCfg = Debug|Any CPU
		{4B23DC5D-8B7C-4340-A7AF-EE3414F65F61}.Debug|Any CPU.Build.0 = Debug|Any CPU
		{4B23DC5D-8B7C-4340-A7AF-EE3414F65F61}.Release|Any CPU.ActiveCfg = Release|Any CPU
		{4B23DC5D-8B7C-4340-A7AF-EE3414F65F61}.Release|Any CPU.Build.0 = Release|Any CPU
		{0DD86696-F391-4200-8342-BEF9E8FB2BB2}.Debug|Any CPU.ActiveCfg = Debug|Any CPU
		{0DD86696-F391-4200-8342-BEF9E8FB2BB2}.Debug|Any CPU.Build.0 = Debug|Any CPU
		{0DD86696-F391-4200-8342-BEF9E8FB2BB2}.Release|Any CPU.ActiveCfg = Release|Any CPU
		{0DD86696-F391-4200-8342-BEF9E8FB2BB2}.Release|Any CPU.Build.0 = Release|Any CPU
		{B33EB985-CA96-40CE-A6CD-20AA8700277F}.Debug|Any CPU.ActiveCfg = Debug|Any CPU
		{B33EB985-CA96-40CE-A6CD-20AA8700277F}.Debug|Any CPU.Build.0 = Debug|Any CPU
		{B33EB985-CA96-40CE-A6CD-20AA8700277F}.Release|Any CPU.ActiveCfg = Release|Any CPU
		{B33EB985-CA96-40CE-A6CD-20AA8700277F}.Release|Any CPU.Build.0 = Release|Any CPU
		{5F526215-6D87-441B-B484-69F5AD54CAB6}.Debug|Any CPU.ActiveCfg = Debug|Any CPU
		{5F526215-6D87-441B-B484-69F5AD54CAB6}.Debug|Any CPU.Build.0 = Debug|Any CPU
		{5F526215-6D87-441B-B484-69F5AD54CAB6}.Release|Any CPU.ActiveCfg = Release|Any CPU
		{5F526215-6D87-441B-B484-69F5AD54CAB6}.Release|Any CPU.Build.0 = Release|Any CPU
		{C1941398-91CB-4556-855F-E21442C31AC7}.Debug|Any CPU.ActiveCfg = Debug|Any CPU
		{C1941398-91CB-4556-855F-E21442C31AC7}.Debug|Any CPU.Build.0 = Debug|Any CPU
		{C1941398-91CB-4556-855F-E21442C31AC7}.Release|Any CPU.ActiveCfg = Release|Any CPU
		{C1941398-91CB-4556-855F-E21442C31AC7}.Release|Any CPU.Build.0 = Release|Any CPU
	EndGlobalSection
	GlobalSection(SolutionProperties) = preSolution
		HideSolutionNode = FALSE
	EndGlobalSection
	GlobalSection(ExtensibilityGlobals) = postSolution
		SolutionGuid = {DE864403-A31B-4792-9E74-F5BFCB090686}
	EndGlobalSection
EndGlobal
